// !$*UTF8*$!
{
	archiveVersion = 1;
	classes = {
	};
	objectVersion = 48;
	objects = {

/* Begin PBXBuildFile section */
		8CB0FA26205344B900825A32 /* AppDelegate.swift in Sources */ = {isa = PBXBuildFile; fileRef = 8CB0FA25205344B900825A32 /* AppDelegate.swift */; };
		8CB0FA28205344B900825A32 /* ViewController.swift in Sources */ = {isa = PBXBuildFile; fileRef = 8CB0FA27205344B900825A32 /* ViewController.swift */; };
		8CB0FA2B205344B900825A32 /* Main.storyboard in Resources */ = {isa = PBXBuildFile; fileRef = 8CB0FA29205344B900825A32 /* Main.storyboard */; };
		8CB0FA2D205344B900825A32 /* Assets.xcassets in Resources */ = {isa = PBXBuildFile; fileRef = 8CB0FA2C205344B900825A32 /* Assets.xcassets */; };
		8CB0FA30205344B900825A32 /* LaunchScreen.storyboard in Resources */ = {isa = PBXBuildFile; fileRef = 8CB0FA2E205344B900825A32 /* LaunchScreen.storyboard */; };
		8CB0FA3B205344B900825A32 /* elementsTests.swift in Sources */ = {isa = PBXBuildFile; fileRef = 8CB0FA3A205344B900825A32 /* elementsTests.swift */; };
		8CB0FA46205344B900825A32 /* elementsUITests.swift in Sources */ = {isa = PBXBuildFile; fileRef = 8CB0FA45205344B900825A32 /* elementsUITests.swift */; };
/* End PBXBuildFile section */

/* Begin PBXContainerItemProxy section */
		8CB0FA37205344B900825A32 /* PBXContainerItemProxy */ = {
			isa = PBXContainerItemProxy;
			containerPortal = 8CB0FA1A205344B900825A32 /* Project object */;
			proxyType = 1;
			remoteGlobalIDString = 8CB0FA21205344B900825A32;
			remoteInfo = elements;
		};
		8CB0FA42205344B900825A32 /* PBXContainerItemProxy */ = {
			isa = PBXContainerItemProxy;
			containerPortal = 8CB0FA1A205344B900825A32 /* Project object */;
			proxyType = 1;
			remoteGlobalIDString = 8CB0FA21205344B900825A32;
			remoteInfo = elements;
		};
/* End PBXContainerItemProxy section */

/* Begin PBXFileReference section */
		8CB0FA22205344B900825A32 /* elements.app */ = {isa = PBXFileReference; explicitFileType = wrapper.application; includeInIndex = 0; path = elements.app; sourceTree = BUILT_PRODUCTS_DIR; };
		8CB0FA25205344B900825A32 /* AppDelegate.swift */ = {isa = PBXFileReference; lastKnownFileType = sourcecode.swift; path = AppDelegate.swift; sourceTree = "<group>"; };
		8CB0FA27205344B900825A32 /* ViewController.swift */ = {isa = PBXFileReference; lastKnownFileType = sourcecode.swift; path = ViewController.swift; sourceTree = "<group>"; };
		8CB0FA2A205344B900825A32 /* Base */ = {isa = PBXFileReference; lastKnownFileType = file.storyboard; name = Base; path = Base.lproj/Main.storyboard; sourceTree = "<group>"; };
		8CB0FA2C205344B900825A32 /* Assets.xcassets */ = {isa = PBXFileReference; lastKnownFileType = folder.assetcatalog; path = Assets.xcassets; sourceTree = "<group>"; };
		8CB0FA2F205344B900825A32 /* Base */ = {isa = PBXFileReference; lastKnownFileType = file.storyboard; name = Base; path = Base.lproj/LaunchScreen.storyboard; sourceTree = "<group>"; };
		8CB0FA31205344B900825A32 /* Info.plist */ = {isa = PBXFileReference; lastKnownFileType = text.plist.xml; path = Info.plist; sourceTree = "<group>"; };
		8CB0FA36205344B900825A32 /* elementsTests.xctest */ = {isa = PBXFileReference; explicitFileType = wrapper.cfbundle; includeInIndex = 0; path = elementsTests.xctest; sourceTree = BUILT_PRODUCTS_DIR; };
		8CB0FA3A205344B900825A32 /* elementsTests.swift */ = {isa = PBXFileReference; lastKnownFileType = sourcecode.swift; path = elementsTests.swift; sourceTree = "<group>"; };
		8CB0FA3C205344B900825A32 /* Info.plist */ = {isa = PBXFileReference; lastKnownFileType = text.plist.xml; path = Info.plist; sourceTree = "<group>"; };
		8CB0FA41205344B900825A32 /* elementsUITests.xctest */ = {isa = PBXFileReference; explicitFileType = wrapper.cfbundle; includeInIndex = 0; path = elementsUITests.xctest; sourceTree = BUILT_PRODUCTS_DIR; };
		8CB0FA45205344B900825A32 /* elementsUITests.swift */ = {isa = PBXFileReference; lastKnownFileType = sourcecode.swift; path = elementsUITests.swift; sourceTree = "<group>"; };
		8CB0FA47205344B900825A32 /* Info.plist */ = {isa = PBXFileReference; lastKnownFileType = text.plist.xml; path = Info.plist; sourceTree = "<group>"; };
/* End PBXFileReference section */

/* Begin PBXFrameworksBuildPhase section */
		8CB0FA1F205344B900825A32 /* Frameworks */ = {
			isa = PBXFrameworksBuildPhase;
			buildActionMask = 2147483647;
			files = (
			);
			runOnlyForDeploymentPostprocessing = 0;
		};
		8CB0FA33205344B900825A32 /* Frameworks */ = {
			isa = PBXFrameworksBuildPhase;
			buildActionMask = 2147483647;
			files = (
			);
			runOnlyForDeploymentPostprocessing = 0;
		};
		8CB0FA3E205344B900825A32 /* Frameworks */ = {
			isa = PBXFrameworksBuildPhase;
			buildActionMask = 2147483647;
			files = (
			);
			runOnlyForDeploymentPostprocessing = 0;
		};
/* End PBXFrameworksBuildPhase section */

/* Begin PBXGroup section */
		8CB0FA19205344B900825A32 = {
			isa = PBXGroup;
			children = (
				8CB0FA24205344B900825A32 /* elements */,
				8CB0FA39205344B900825A32 /* elementsTests */,
				8CB0FA44205344B900825A32 /* elementsUITests */,
				8CB0FA23205344B900825A32 /* Products */,
			);
			sourceTree = "<group>";
		};
		8CB0FA23205344B900825A32 /* Products */ = {
			isa = PBXGroup;
			children = (
				8CB0FA22205344B900825A32 /* elements.app */,
				8CB0FA36205344B900825A32 /* elementsTests.xctest */,
				8CB0FA41205344B900825A32 /* elementsUITests.xctest */,
			);
			name = Products;
			sourceTree = "<group>";
		};
		8CB0FA24205344B900825A32 /* elements */ = {
			isa = PBXGroup;
			children = (
				8CB0FA25205344B900825A32 /* AppDelegate.swift */,
				8CB0FA27205344B900825A32 /* ViewController.swift */,
				8CB0FA29205344B900825A32 /* Main.storyboard */,
				8CB0FA2C205344B900825A32 /* Assets.xcassets */,
				8CB0FA2E205344B900825A32 /* LaunchScreen.storyboard */,
				8CB0FA31205344B900825A32 /* Info.plist */,
			);
			path = elements;
			sourceTree = "<group>";
		};
		8CB0FA39205344B900825A32 /* elementsTests */ = {
			isa = PBXGroup;
			children = (
				8CB0FA3A205344B900825A32 /* elementsTests.swift */,
				8CB0FA3C205344B900825A32 /* Info.plist */,
			);
			path = elementsTests;
			sourceTree = "<group>";
		};
		8CB0FA44205344B900825A32 /* elementsUITests */ = {
			isa = PBXGroup;
			children = (
				8CB0FA45205344B900825A32 /* elementsUITests.swift */,
				8CB0FA47205344B900825A32 /* Info.plist */,
			);
			path = elementsUITests;
			sourceTree = "<group>";
		};
/* End PBXGroup section */

/* Begin PBXNativeTarget section */
		8CB0FA21205344B900825A32 /* elements */ = {
			isa = PBXNativeTarget;
			buildConfigurationList = 8CB0FA4A205344B900825A32 /* Build configuration list for PBXNativeTarget "elements" */;
			buildPhases = (
				8CB0FA1E205344B900825A32 /* Sources */,
				8CB0FA1F205344B900825A32 /* Frameworks */,
				8CB0FA20205344B900825A32 /* Resources */,
			);
			buildRules = (
			);
			dependencies = (
			);
			name = elements;
			productName = elements;
			productReference = 8CB0FA22205344B900825A32 /* elements.app */;
			productType = "com.apple.product-type.application";
		};
		8CB0FA35205344B900825A32 /* elementsTests */ = {
			isa = PBXNativeTarget;
			buildConfigurationList = 8CB0FA4D205344B900825A32 /* Build configuration list for PBXNativeTarget "elementsTests" */;
			buildPhases = (
				8CB0FA32205344B900825A32 /* Sources */,
				8CB0FA33205344B900825A32 /* Frameworks */,
				8CB0FA34205344B900825A32 /* Resources */,
			);
			buildRules = (
			);
			dependencies = (
				8CB0FA38205344B900825A32 /* PBXTargetDependency */,
			);
			name = elementsTests;
			productName = elementsTests;
			productReference = 8CB0FA36205344B900825A32 /* elementsTests.xctest */;
			productType = "com.apple.product-type.bundle.unit-test";
		};
		8CB0FA40205344B900825A32 /* elementsUITests */ = {
			isa = PBXNativeTarget;
			buildConfigurationList = 8CB0FA50205344B900825A32 /* Build configuration list for PBXNativeTarget "elementsUITests" */;
			buildPhases = (
				8CB0FA3D205344B900825A32 /* Sources */,
				8CB0FA3E205344B900825A32 /* Frameworks */,
				8CB0FA3F205344B900825A32 /* Resources */,
			);
			buildRules = (
			);
			dependencies = (
				8CB0FA43205344B900825A32 /* PBXTargetDependency */,
			);
			name = elementsUITests;
			productName = elementsUITests;
			productReference = 8CB0FA41205344B900825A32 /* elementsUITests.xctest */;
			productType = "com.apple.product-type.bundle.ui-testing";
		};
/* End PBXNativeTarget section */

/* Begin PBXProject section */
		8CB0FA1A205344B900825A32 /* Project object */ = {
			isa = PBXProject;
			attributes = {
				LastSwiftUpdateCheck = 0920;
				LastUpgradeCheck = 0920;
				ORGANIZATIONNAME = resco;
				TargetAttributes = {
					8CB0FA21205344B900825A32 = {
						CreatedOnToolsVersion = 9.2;
						ProvisioningStyle = Automatic;
					};
					8CB0FA35205344B900825A32 = {
						CreatedOnToolsVersion = 9.2;
						ProvisioningStyle = Automatic;
						TestTargetID = 8CB0FA21205344B900825A32;
					};
					8CB0FA40205344B900825A32 = {
						CreatedOnToolsVersion = 9.2;
						ProvisioningStyle = Automatic;
						TestTargetID = 8CB0FA21205344B900825A32;
					};
				};
			};
			buildConfigurationList = 8CB0FA1D205344B900825A32 /* Build configuration list for PBXProject "elements" */;
			compatibilityVersion = "Xcode 8.0";
			developmentRegion = en;
			hasScannedForEncodings = 0;
			knownRegions = (
				en,
				Base,
			);
			mainGroup = 8CB0FA19205344B900825A32;
			productRefGroup = 8CB0FA23205344B900825A32 /* Products */;
			projectDirPath = "";
			projectRoot = "";
			targets = (
				8CB0FA21205344B900825A32 /* elements */,
				8CB0FA35205344B900825A32 /* elementsTests */,
				8CB0FA40205344B900825A32 /* elementsUITests */,
			);
		};
/* End PBXProject section */

/* Begin PBXResourcesBuildPhase section */
		8CB0FA20205344B900825A32 /* Resources */ = {
			isa = PBXResourcesBuildPhase;
			buildActionMask = 2147483647;
			files = (
				8CB0FA30205344B900825A32 /* LaunchScreen.storyboard in Resources */,
				8CB0FA2D205344B900825A32 /* Assets.xcassets in Resources */,
				8CB0FA2B205344B900825A32 /* Main.storyboard in Resources */,
			);
			runOnlyForDeploymentPostprocessing = 0;
		};
		8CB0FA34205344B900825A32 /* Resources */ = {
			isa = PBXResourcesBuildPhase;
			buildActionMask = 2147483647;
			files = (
			);
			runOnlyForDeploymentPostprocessing = 0;
		};
		8CB0FA3F205344B900825A32 /* Resources */ = {
			isa = PBXResourcesBuildPhase;
			buildActionMask = 2147483647;
			files = (
			);
			runOnlyForDeploymentPostprocessing = 0;
		};
/* End PBXResourcesBuildPhase section */

/* Begin PBXSourcesBuildPhase section */
		8CB0FA1E205344B900825A32 /* Sources */ = {
			isa = PBXSourcesBuildPhase;
			buildActionMask = 2147483647;
			files = (
				8CB0FA28205344B900825A32 /* ViewController.swift in Sources */,
				8CB0FA26205344B900825A32 /* AppDelegate.swift in Sources */,
			);
			runOnlyForDeploymentPostprocessing = 0;
		};
		8CB0FA32205344B900825A32 /* Sources */ = {
			isa = PBXSourcesBuildPhase;
			buildActionMask = 2147483647;
			files = (
				8CB0FA3B205344B900825A32 /* elementsTests.swift in Sources */,
			);
			runOnlyForDeploymentPostprocessing = 0;
		};
		8CB0FA3D205344B900825A32 /* Sources */ = {
			isa = PBXSourcesBuildPhase;
			buildActionMask = 2147483647;
			files = (
				8CB0FA46205344B900825A32 /* elementsUITests.swift in Sources */,
			);
			runOnlyForDeploymentPostprocessing = 0;
		};
/* End PBXSourcesBuildPhase section */

/* Begin PBXTargetDependency section */
		8CB0FA38205344B900825A32 /* PBXTargetDependency */ = {
			isa = PBXTargetDependency;
			target = 8CB0FA21205344B900825A32 /* elements */;
			targetProxy = 8CB0FA37205344B900825A32 /* PBXContainerItemProxy */;
		};
		8CB0FA43205344B900825A32 /* PBXTargetDependency */ = {
			isa = PBXTargetDependency;
			target = 8CB0FA21205344B900825A32 /* elements */;
			targetProxy = 8CB0FA42205344B900825A32 /* PBXContainerItemProxy */;
		};
/* End PBXTargetDependency section */

/* Begin PBXVariantGroup section */
		8CB0FA29205344B900825A32 /* Main.storyboard */ = {
			isa = PBXVariantGroup;
			children = (
				8CB0FA2A205344B900825A32 /* Base */,
			);
			name = Main.storyboard;
			sourceTree = "<group>";
		};
		8CB0FA2E205344B900825A32 /* LaunchScreen.storyboard */ = {
			isa = PBXVariantGroup;
			children = (
				8CB0FA2F205344B900825A32 /* Base */,
			);
			name = LaunchScreen.storyboard;
			sourceTree = "<group>";
		};
/* End PBXVariantGroup section */

/* Begin XCBuildConfiguration section */
		8CB0FA48205344B900825A32 /* Debug */ = {
			isa = XCBuildConfiguration;
			buildSettings = {
				ALWAYS_SEARCH_USER_PATHS = NO;
				CLANG_ANALYZER_NONNULL = YES;
				CLANG_ANALYZER_NUMBER_OBJECT_CONVERSION = YES_AGGRESSIVE;
				CLANG_CXX_LANGUAGE_STANDARD = "gnu++14";
				CLANG_CXX_LIBRARY = "libc++";
				CLANG_ENABLE_MODULES = YES;
				CLANG_ENABLE_OBJC_ARC = YES;
				CLANG_WARN_BLOCK_CAPTURE_AUTORELEASING = YES;
				CLANG_WARN_BOOL_CONVERSION = YES;
				CLANG_WARN_COMMA = YES;
				CLANG_WARN_CONSTANT_CONVERSION = YES;
				CLANG_WARN_DIRECT_OBJC_ISA_USAGE = YES_ERROR;
				CLANG_WARN_DOCUMENTATION_COMMENTS = YES;
				CLANG_WARN_EMPTY_BODY = YES;
				CLANG_WARN_ENUM_CONVERSION = YES;
				CLANG_WARN_INFINITE_RECURSION = YES;
				CLANG_WARN_INT_CONVERSION = YES;
				CLANG_WARN_NON_LITERAL_NULL_CONVERSION = YES;
				CLANG_WARN_OBJC_LITERAL_CONVERSION = YES;
				CLANG_WARN_OBJC_ROOT_CLASS = YES_ERROR;
				CLANG_WARN_RANGE_LOOP_ANALYSIS = YES;
				CLANG_WARN_STRICT_PROTOTYPES = YES;
				CLANG_WARN_SUSPICIOUS_MOVE = YES;
				CLANG_WARN_UNGUARDED_AVAILABILITY = YES_AGGRESSIVE;
				CLANG_WARN_UNREACHABLE_CODE = YES;
				CLANG_WARN__DUPLICATE_METHOD_MATCH = YES;
				CODE_SIGN_IDENTITY = "iPhone Developer";
				COPY_PHASE_STRIP = NO;
				DEBUG_INFORMATION_FORMAT = dwarf;
				ENABLE_STRICT_OBJC_MSGSEND = YES;
				ENABLE_TESTABILITY = YES;
				GCC_C_LANGUAGE_STANDARD = gnu11;
				GCC_DYNAMIC_NO_PIC = NO;
				GCC_NO_COMMON_BLOCKS = YES;
				GCC_OPTIMIZATION_LEVEL = 0;
				GCC_PREPROCESSOR_DEFINITIONS = (
					"DEBUG=1",
					"$(inherited)",
				);
				GCC_WARN_64_TO_32_BIT_CONVERSION = YES;
				GCC_WARN_ABOUT_RETURN_TYPE = YES_ERROR;
				GCC_WARN_UNDECLARED_SELECTOR = YES;
				GCC_WARN_UNINITIALIZED_AUTOS = YES_AGGRESSIVE;
				GCC_WARN_UNUSED_FUNCTION = YES;
				GCC_WARN_UNUSED_VARIABLE = YES;
				IPHONEOS_DEPLOYMENT_TARGET = 11.2;
				MTL_ENABLE_DEBUG_INFO = YES;
				ONLY_ACTIVE_ARCH = YES;
				SDKROOT = iphoneos;
				SWIFT_ACTIVE_COMPILATION_CONDITIONS = DEBUG;
				SWIFT_OPTIMIZATION_LEVEL = "-Onone";
			};
			name = Debug;
		};
		8CB0FA49205344B900825A32 /* Release */ = {
			isa = XCBuildConfiguration;
			buildSettings = {
				ALWAYS_SEARCH_USER_PATHS = NO;
				CLANG_ANALYZER_NONNULL = YES;
				CLANG_ANALYZER_NUMBER_OBJECT_CONVERSION = YES_AGGRESSIVE;
				CLANG_CXX_LANGUAGE_STANDARD = "gnu++14";
				CLANG_CXX_LIBRARY = "libc++";
				CLANG_ENABLE_MODULES = YES;
				CLANG_ENABLE_OBJC_ARC = YES;
				CLANG_WARN_BLOCK_CAPTURE_AUTORELEASING = YES;
				CLANG_WARN_BOOL_CONVERSION = YES;
				CLANG_WARN_COMMA = YES;
				CLANG_WARN_CONSTANT_CONVERSION = YES;
				CLANG_WARN_DIRECT_OBJC_ISA_USAGE = YES_ERROR;
				CLANG_WARN_DOCUMENTATION_COMMENTS = YES;
				CLANG_WARN_EMPTY_BODY = YES;
				CLANG_WARN_ENUM_CONVERSION = YES;
				CLANG_WARN_INFINITE_RECURSION = YES;
				CLANG_WARN_INT_CONVERSION = YES;
				CLANG_WARN_NON_LITERAL_NULL_CONVERSION = YES;
				CLANG_WARN_OBJC_LITERAL_CONVERSION = YES;
				CLANG_WARN_OBJC_ROOT_CLASS = YES_ERROR;
				CLANG_WARN_RANGE_LOOP_ANALYSIS = YES;
				CLANG_WARN_STRICT_PROTOTYPES = YES;
				CLANG_WARN_SUSPICIOUS_MOVE = YES;
				CLANG_WARN_UNGUARDED_AVAILABILITY = YES_AGGRESSIVE;
				CLANG_WARN_UNREACHABLE_CODE = YES;
				CLANG_WARN__DUPLICATE_METHOD_MATCH = YES;
				CODE_SIGN_IDENTITY = "iPhone Developer";
				COPY_PHASE_STRIP = NO;
				DEBUG_INFORMATION_FORMAT = "dwarf-with-dsym";
				ENABLE_NS_ASSERTIONS = NO;
				ENABLE_STRICT_OBJC_MSGSEND = YES;
				GCC_C_LANGUAGE_STANDARD = gnu11;
				GCC_NO_COMMON_BLOCKS = YES;
				GCC_WARN_64_TO_32_BIT_CONVERSION = YES;
				GCC_WARN_ABOUT_RETURN_TYPE = YES_ERROR;
				GCC_WARN_UNDECLARED_SELECTOR = YES;
				GCC_WARN_UNINITIALIZED_AUTOS = YES_AGGRESSIVE;
				GCC_WARN_UNUSED_FUNCTION = YES;
				GCC_WARN_UNUSED_VARIABLE = YES;
				IPHONEOS_DEPLOYMENT_TARGET = 11.2;
				MTL_ENABLE_DEBUG_INFO = NO;
				SDKROOT = iphoneos;
				SWIFT_OPTIMIZATION_LEVEL = "-Owholemodule";
				VALIDATE_PRODUCT = YES;
			};
			name = Release;
		};
		8CB0FA4B205344B900825A32 /* Debug */ = {
			isa = XCBuildConfiguration;
			buildSettings = {
				ASSETCATALOG_COMPILER_APPICON_NAME = AppIcon;
				CODE_SIGN_STYLE = Automatic;
				DEVELOPMENT_TEAM = NM789M82Q4;
				INFOPLIST_FILE = elements/Info.plist;
				LD_RUNPATH_SEARCH_PATHS = "$(inherited) @executable_path/Frameworks";
				PRODUCT_BUNDLE_IDENTIFIER = res.elements;
				PRODUCT_NAME = "$(TARGET_NAME)";
				SWIFT_VERSION = 4.0;
				TARGETED_DEVICE_FAMILY = "1,2";
			};
			name = Debug;
		};
		8CB0FA4C205344B900825A32 /* Release */ = {
			isa = XCBuildConfiguration;
			buildSettings = {
				ASSETCATALOG_COMPILER_APPICON_NAME = AppIcon;
				CODE_SIGN_STYLE = Automatic;
				DEVELOPMENT_TEAM = NM789M82Q4;
				INFOPLIST_FILE = elements/Info.plist;
				LD_RUNPATH_SEARCH_PATHS = "$(inherited) @executable_path/Frameworks";
				PRODUCT_BUNDLE_IDENTIFIER = res.elements;
				PRODUCT_NAME = "$(TARGET_NAME)";
				SWIFT_VERSION = 4.0;
				TARGETED_DEVICE_FAMILY = "1,2";
			};
			name = Release;
		};
		8CB0FA4E205344B900825A32 /* Debug */ = {
			isa = XCBuildConfiguration;
			buildSettings = {
				ALWAYS_EMBED_SWIFT_STANDARD_LIBRARIES = YES;
				BUNDLE_LOADER = "$(TEST_HOST)";
				CODE_SIGN_STYLE = Automatic;
				DEVELOPMENT_TEAM = NM789M82Q4;
				INFOPLIST_FILE = elementsTests/Info.plist;
				LD_RUNPATH_SEARCH_PATHS = "$(inherited) @executable_path/Frameworks @loader_path/Frameworks";
				PRODUCT_BUNDLE_IDENTIFIER = res.elementsTests;
				PRODUCT_NAME = "$(TARGET_NAME)";
				SWIFT_VERSION = 4.0;
				TARGETED_DEVICE_FAMILY = "1,2";
				TEST_HOST = "$(BUILT_PRODUCTS_DIR)/elements.app/elements";
			};
			name = Debug;
		};
		8CB0FA4F205344B900825A32 /* Release */ = {
			isa = XCBuildConfiguration;
			buildSettings = {
				ALWAYS_EMBED_SWIFT_STANDARD_LIBRARIES = YES;
				BUNDLE_LOADER = "$(TEST_HOST)";
				CODE_SIGN_STYLE = Automatic;
				DEVELOPMENT_TEAM = NM789M82Q4;
				INFOPLIST_FILE = elementsTests/Info.plist;
				LD_RUNPATH_SEARCH_PATHS = "$(inherited) @executable_path/Frameworks @loader_path/Frameworks";
				PRODUCT_BUNDLE_IDENTIFIER = res.elementsTests;
				PRODUCT_NAME = "$(TARGET_NAME)";
				SWIFT_VERSION = 4.0;
				TARGETED_DEVICE_FAMILY = "1,2";
				TEST_HOST = "$(BUILT_PRODUCTS_DIR)/elements.app/elements";
			};
			name = Release;
		};
		8CB0FA51205344B900825A32 /* Debug */ = {
			isa = XCBuildConfiguration;
			buildSettings = {
				ALWAYS_EMBED_SWIFT_STANDARD_LIBRARIES = YES;
				CODE_SIGN_STYLE = Automatic;
				DEVELOPMENT_TEAM = NM789M82Q4;
				INFOPLIST_FILE = elementsUITests/Info.plist;
				LD_RUNPATH_SEARCH_PATHS = "$(inherited) @executable_path/Frameworks @loader_path/Frameworks";
				PRODUCT_BUNDLE_IDENTIFIER = res.elementsUITests;
				PRODUCT_NAME = "$(TARGET_NAME)";
				SWIFT_VERSION = 4.0;
				TARGETED_DEVICE_FAMILY = "1,2";
				TEST_TARGET_NAME = elements;
			};
			name = Debug;
		};
		8CB0FA52205344B900825A32 /* Release */ = {
			isa = XCBuildConfiguration;
			buildSettings = {
				ALWAYS_EMBED_SWIFT_STANDARD_LIBRARIES = YES;
				CODE_SIGN_STYLE = Automatic;
				DEVELOPMENT_TEAM = NM789M82Q4;
				INFOPLIST_FILE = elementsUITests/Info.plist;
				LD_RUNPATH_SEARCH_PATHS = "$(inherited) @executable_path/Frameworks @loader_path/Frameworks";
				PRODUCT_BUNDLE_IDENTIFIER = res.elementsUITests;
				PRODUCT_NAME = "$(TARGET_NAME)";
				SWIFT_VERSION = 4.0;
				TARGETED_DEVICE_FAMILY = "1,2";
				TEST_TARGET_NAME = elements;
			};
			name = Release;
		};
/* End XCBuildConfiguration section */

/* Begin XCConfigurationList section */
		8CB0FA1D205344B900825A32 /* Build configuration list for PBXProject "elements" */ = {
			isa = XCConfigurationList;
			buildConfigurations = (
				8CB0FA48205344B900825A32 /* Debug */,
				8CB0FA49205344B900825A32 /* Release */,
			);
			defaultConfigurationIsVisible = 0;
			defaultConfigurationName = Release;
		};
		8CB0FA4A205344B900825A32 /* Build configuration list for PBXNativeTarget "elements" */ = {
			isa = XCConfigurationList;
			buildConfigurations = (
				8CB0FA4B205344B900825A32 /* Debug */,
				8CB0FA4C205344B900825A32 /* Release */,
			);
			defaultConfigurationIsVisible = 0;
			defaultConfigurationName = Release;
		};
		8CB0FA4D205344B900825A32 /* Build configuration list for PBXNativeTarget "elementsTests" */ = {
			isa = XCConfigurationList;
			buildConfigurations = (
				8CB0FA4E205344B900825A32 /* Debug */,
				8CB0FA4F205344B900825A32 /* Release */,
			);
			defaultConfigurationIsVisible = 0;
			defaultConfigurationName = Release;
		};
		8CB0FA50205344B900825A32 /* Build configuration list for PBXNativeTarget "elementsUITests" */ = {
			isa = XCConfigurationList;
			buildConfigurations = (
				8CB0FA51205344B900825A32 /* Debug */,
				8CB0FA52205344B900825A32 /* Release */,
			);
			defaultConfigurationIsVisible = 0;
			defaultConfigurationName = Release;
		};
/* End XCConfigurationList section */
	};
	rootObject = 8CB0FA1A205344B900825A32 /* Project object */;
}
