// !$*UTF8*$!
{
	archiveVersion = 1;
	classes = {
	};
	objectVersion = 48;
	objects = {

/* Begin PBXBuildFile section */
		8CA1E38F2037C1EC00DF487C /* AppDelegate.swift in Sources */ = {isa = PBXBuildFile; fileRef = 8CA1E38E2037C1EC00DF487C /* AppDelegate.swift */; };
		8CA1E3912037C1EC00DF487C /* ViewController.swift in Sources */ = {isa = PBXBuildFile; fileRef = 8CA1E3902037C1EC00DF487C /* ViewController.swift */; };
		8CA1E3942037C1EC00DF487C /* Main.storyboard in Resources */ = {isa = PBXBuildFile; fileRef = 8CA1E3922037C1EC00DF487C /* Main.storyboard */; };
		8CA1E3962037C1EC00DF487C /* Assets.xcassets in Resources */ = {isa = PBXBuildFile; fileRef = 8CA1E3952037C1EC00DF487C /* Assets.xcassets */; };
		8CA1E3992037C1EC00DF487C /* LaunchScreen.storyboard in Resources */ = {isa = PBXBuildFile; fileRef = 8CA1E3972037C1EC00DF487C /* LaunchScreen.storyboard */; };
		8CA1E3A42037C1ED00DF487C /* layerTests.swift in Sources */ = {isa = PBXBuildFile; fileRef = 8CA1E3A32037C1ED00DF487C /* layerTests.swift */; };
		8CA1E3AF2037C1ED00DF487C /* layerUITests.swift in Sources */ = {isa = PBXBuildFile; fileRef = 8CA1E3AE2037C1ED00DF487C /* layerUITests.swift */; };
/* End PBXBuildFile section */

/* Begin PBXContainerItemProxy section */
		8CA1E3A02037C1ED00DF487C /* PBXContainerItemProxy */ = {
			isa = PBXContainerItemProxy;
			containerPortal = 8CA1E3832037C1EC00DF487C /* Project object */;
			proxyType = 1;
			remoteGlobalIDString = 8CA1E38A2037C1EC00DF487C;
			remoteInfo = layer;
		};
		8CA1E3AB2037C1ED00DF487C /* PBXContainerItemProxy */ = {
			isa = PBXContainerItemProxy;
			containerPortal = 8CA1E3832037C1EC00DF487C /* Project object */;
			proxyType = 1;
			remoteGlobalIDString = 8CA1E38A2037C1EC00DF487C;
			remoteInfo = layer;
		};
/* End PBXContainerItemProxy section */

/* Begin PBXFileReference section */
		8CA1E38B2037C1EC00DF487C /* layer.app */ = {isa = PBXFileReference; explicitFileType = wrapper.application; includeInIndex = 0; path = layer.app; sourceTree = BUILT_PRODUCTS_DIR; };
		8CA1E38E2037C1EC00DF487C /* AppDelegate.swift */ = {isa = PBXFileReference; lastKnownFileType = sourcecode.swift; path = AppDelegate.swift; sourceTree = "<group>"; };
		8CA1E3902037C1EC00DF487C /* ViewController.swift */ = {isa = PBXFileReference; lastKnownFileType = sourcecode.swift; path = ViewController.swift; sourceTree = "<group>"; };
		8CA1E3932037C1EC00DF487C /* Base */ = {isa = PBXFileReference; lastKnownFileType = file.storyboard; name = Base; path = Base.lproj/Main.storyboard; sourceTree = "<group>"; };
		8CA1E3952037C1EC00DF487C /* Assets.xcassets */ = {isa = PBXFileReference; lastKnownFileType = folder.assetcatalog; path = Assets.xcassets; sourceTree = "<group>"; };
		8CA1E3982037C1EC00DF487C /* Base */ = {isa = PBXFileReference; lastKnownFileType = file.storyboard; name = Base; path = Base.lproj/LaunchScreen.storyboard; sourceTree = "<group>"; };
		8CA1E39A2037C1EC00DF487C /* Info.plist */ = {isa = PBXFileReference; lastKnownFileType = text.plist.xml; path = Info.plist; sourceTree = "<group>"; };
		8CA1E39F2037C1ED00DF487C /* layerTests.xctest */ = {isa = PBXFileReference; explicitFileType = wrapper.cfbundle; includeInIndex = 0; path = layerTests.xctest; sourceTree = BUILT_PRODUCTS_DIR; };
		8CA1E3A32037C1ED00DF487C /* layerTests.swift */ = {isa = PBXFileReference; lastKnownFileType = sourcecode.swift; path = layerTests.swift; sourceTree = "<group>"; };
		8CA1E3A52037C1ED00DF487C /* Info.plist */ = {isa = PBXFileReference; lastKnownFileType = text.plist.xml; path = Info.plist; sourceTree = "<group>"; };
		8CA1E3AA2037C1ED00DF487C /* layerUITests.xctest */ = {isa = PBXFileReference; explicitFileType = wrapper.cfbundle; includeInIndex = 0; path = layerUITests.xctest; sourceTree = BUILT_PRODUCTS_DIR; };
		8CA1E3AE2037C1ED00DF487C /* layerUITests.swift */ = {isa = PBXFileReference; lastKnownFileType = sourcecode.swift; path = layerUITests.swift; sourceTree = "<group>"; };
		8CA1E3B02037C1ED00DF487C /* Info.plist */ = {isa = PBXFileReference; lastKnownFileType = text.plist.xml; path = Info.plist; sourceTree = "<group>"; };
/* End PBXFileReference section */

/* Begin PBXFrameworksBuildPhase section */
		8CA1E3882037C1EC00DF487C /* Frameworks */ = {
			isa = PBXFrameworksBuildPhase;
			buildActionMask = 2147483647;
			files = (
			);
			runOnlyForDeploymentPostprocessing = 0;
		};
		8CA1E39C2037C1ED00DF487C /* Frameworks */ = {
			isa = PBXFrameworksBuildPhase;
			buildActionMask = 2147483647;
			files = (
			);
			runOnlyForDeploymentPostprocessing = 0;
		};
		8CA1E3A72037C1ED00DF487C /* Frameworks */ = {
			isa = PBXFrameworksBuildPhase;
			buildActionMask = 2147483647;
			files = (
			);
			runOnlyForDeploymentPostprocessing = 0;
		};
/* End PBXFrameworksBuildPhase section */

/* Begin PBXGroup section */
		8CA1E3822037C1EC00DF487C = {
			isa = PBXGroup;
			children = (
				8CA1E38D2037C1EC00DF487C /* layer */,
				8CA1E3A22037C1ED00DF487C /* layerTests */,
				8CA1E3AD2037C1ED00DF487C /* layerUITests */,
				8CA1E38C2037C1EC00DF487C /* Products */,
			);
			sourceTree = "<group>";
		};
		8CA1E38C2037C1EC00DF487C /* Products */ = {
			isa = PBXGroup;
			children = (
				8CA1E38B2037C1EC00DF487C /* layer.app */,
				8CA1E39F2037C1ED00DF487C /* layerTests.xctest */,
				8CA1E3AA2037C1ED00DF487C /* layerUITests.xctest */,
			);
			name = Products;
			sourceTree = "<group>";
		};
		8CA1E38D2037C1EC00DF487C /* layer */ = {
			isa = PBXGroup;
			children = (
				8CA1E38E2037C1EC00DF487C /* AppDelegate.swift */,
				8CA1E3902037C1EC00DF487C /* ViewController.swift */,
				8CA1E3922037C1EC00DF487C /* Main.storyboard */,
				8CA1E3952037C1EC00DF487C /* Assets.xcassets */,
				8CA1E3972037C1EC00DF487C /* LaunchScreen.storyboard */,
				8CA1E39A2037C1EC00DF487C /* Info.plist */,
			);
			path = layer;
			sourceTree = "<group>";
		};
		8CA1E3A22037C1ED00DF487C /* layerTests */ = {
			isa = PBXGroup;
			children = (
				8CA1E3A32037C1ED00DF487C /* layerTests.swift */,
				8CA1E3A52037C1ED00DF487C /* Info.plist */,
			);
			path = layerTests;
			sourceTree = "<group>";
		};
		8CA1E3AD2037C1ED00DF487C /* layerUITests */ = {
			isa = PBXGroup;
			children = (
				8CA1E3AE2037C1ED00DF487C /* layerUITests.swift */,
				8CA1E3B02037C1ED00DF487C /* Info.plist */,
			);
			path = layerUITests;
			sourceTree = "<group>";
		};
/* End PBXGroup section */

/* Begin PBXNativeTarget section */
		8CA1E38A2037C1EC00DF487C /* layer */ = {
			isa = PBXNativeTarget;
			buildConfigurationList = 8CA1E3B32037C1ED00DF487C /* Build configuration list for PBXNativeTarget "layer" */;
			buildPhases = (
				8CA1E3872037C1EC00DF487C /* Sources */,
				8CA1E3882037C1EC00DF487C /* Frameworks */,
				8CA1E3892037C1EC00DF487C /* Resources */,
			);
			buildRules = (
			);
			dependencies = (
			);
			name = layer;
			productName = layer;
			productReference = 8CA1E38B2037C1EC00DF487C /* layer.app */;
			productType = "com.apple.product-type.application";
		};
		8CA1E39E2037C1ED00DF487C /* layerTests */ = {
			isa = PBXNativeTarget;
			buildConfigurationList = 8CA1E3B62037C1ED00DF487C /* Build configuration list for PBXNativeTarget "layerTests" */;
			buildPhases = (
				8CA1E39B2037C1ED00DF487C /* Sources */,
				8CA1E39C2037C1ED00DF487C /* Frameworks */,
				8CA1E39D2037C1ED00DF487C /* Resources */,
			);
			buildRules = (
			);
			dependencies = (
				8CA1E3A12037C1ED00DF487C /* PBXTargetDependency */,
			);
			name = layerTests;
			productName = layerTests;
			productReference = 8CA1E39F2037C1ED00DF487C /* layerTests.xctest */;
			productType = "com.apple.product-type.bundle.unit-test";
		};
		8CA1E3A92037C1ED00DF487C /* layerUITests */ = {
			isa = PBXNativeTarget;
			buildConfigurationList = 8CA1E3B92037C1ED00DF487C /* Build configuration list for PBXNativeTarget "layerUITests" */;
			buildPhases = (
				8CA1E3A62037C1ED00DF487C /* Sources */,
				8CA1E3A72037C1ED00DF487C /* Frameworks */,
				8CA1E3A82037C1ED00DF487C /* Resources */,
			);
			buildRules = (
			);
			dependencies = (
				8CA1E3AC2037C1ED00DF487C /* PBXTargetDependency */,
			);
			name = layerUITests;
			productName = layerUITests;
			productReference = 8CA1E3AA2037C1ED00DF487C /* layerUITests.xctest */;
			productType = "com.apple.product-type.bundle.ui-testing";
		};
/* End PBXNativeTarget section */

/* Begin PBXProject section */
		8CA1E3832037C1EC00DF487C /* Project object */ = {
			isa = PBXProject;
			attributes = {
				LastSwiftUpdateCheck = 0920;
				LastUpgradeCheck = 0920;
				ORGANIZATIONNAME = resco;
				TargetAttributes = {
					8CA1E38A2037C1EC00DF487C = {
						CreatedOnToolsVersion = 9.2;
						ProvisioningStyle = Automatic;
					};
					8CA1E39E2037C1ED00DF487C = {
						CreatedOnToolsVersion = 9.2;
						ProvisioningStyle = Automatic;
						TestTargetID = 8CA1E38A2037C1EC00DF487C;
					};
					8CA1E3A92037C1ED00DF487C = {
						CreatedOnToolsVersion = 9.2;
						ProvisioningStyle = Automatic;
						TestTargetID = 8CA1E38A2037C1EC00DF487C;
					};
				};
			};
			buildConfigurationList = 8CA1E3862037C1EC00DF487C /* Build configuration list for PBXProject "layer" */;
			compatibilityVersion = "Xcode 8.0";
			developmentRegion = en;
			hasScannedForEncodings = 0;
			knownRegions = (
				en,
				Base,
			);
			mainGroup = 8CA1E3822037C1EC00DF487C;
			productRefGroup = 8CA1E38C2037C1EC00DF487C /* Products */;
			projectDirPath = "";
			projectRoot = "";
			targets = (
				8CA1E38A2037C1EC00DF487C /* layer */,
				8CA1E39E2037C1ED00DF487C /* layerTests */,
				8CA1E3A92037C1ED00DF487C /* layerUITests */,
			);
		};
/* End PBXProject section */

/* Begin PBXResourcesBuildPhase section */
		8CA1E3892037C1EC00DF487C /* Resources */ = {
			isa = PBXResourcesBuildPhase;
			buildActionMask = 2147483647;
			files = (
				8CA1E3992037C1EC00DF487C /* LaunchScreen.storyboard in Resources */,
				8CA1E3962037C1EC00DF487C /* Assets.xcassets in Resources */,
				8CA1E3942037C1EC00DF487C /* Main.storyboard in Resources */,
			);
			runOnlyForDeploymentPostprocessing = 0;
		};
		8CA1E39D2037C1ED00DF487C /* Resources */ = {
			isa = PBXResourcesBuildPhase;
			buildActionMask = 2147483647;
			files = (
			);
			runOnlyForDeploymentPostprocessing = 0;
		};
		8CA1E3A82037C1ED00DF487C /* Resources */ = {
			isa = PBXResourcesBuildPhase;
			buildActionMask = 2147483647;
			files = (
			);
			runOnlyForDeploymentPostprocessing = 0;
		};
/* End PBXResourcesBuildPhase section */

/* Begin PBXSourcesBuildPhase section */
		8CA1E3872037C1EC00DF487C /* Sources */ = {
			isa = PBXSourcesBuildPhase;
			buildActionMask = 2147483647;
			files = (
				8CA1E3912037C1EC00DF487C /* ViewController.swift in Sources */,
				8CA1E38F2037C1EC00DF487C /* AppDelegate.swift in Sources */,
			);
			runOnlyForDeploymentPostprocessing = 0;
		};
		8CA1E39B2037C1ED00DF487C /* Sources */ = {
			isa = PBXSourcesBuildPhase;
			buildActionMask = 2147483647;
			files = (
				8CA1E3A42037C1ED00DF487C /* layerTests.swift in Sources */,
			);
			runOnlyForDeploymentPostprocessing = 0;
		};
		8CA1E3A62037C1ED00DF487C /* Sources */ = {
			isa = PBXSourcesBuildPhase;
			buildActionMask = 2147483647;
			files = (
				8CA1E3AF2037C1ED00DF487C /* layerUITests.swift in Sources */,
			);
			runOnlyForDeploymentPostprocessing = 0;
		};
/* End PBXSourcesBuildPhase section */

/* Begin PBXTargetDependency section */
		8CA1E3A12037C1ED00DF487C /* PBXTargetDependency */ = {
			isa = PBXTargetDependency;
			target = 8CA1E38A2037C1EC00DF487C /* layer */;
			targetProxy = 8CA1E3A02037C1ED00DF487C /* PBXContainerItemProxy */;
		};
		8CA1E3AC2037C1ED00DF487C /* PBXTargetDependency */ = {
			isa = PBXTargetDependency;
			target = 8CA1E38A2037C1EC00DF487C /* layer */;
			targetProxy = 8CA1E3AB2037C1ED00DF487C /* PBXContainerItemProxy */;
		};
/* End PBXTargetDependency section */

/* Begin PBXVariantGroup section */
		8CA1E3922037C1EC00DF487C /* Main.storyboard */ = {
			isa = PBXVariantGroup;
			children = (
				8CA1E3932037C1EC00DF487C /* Base */,
			);
			name = Main.storyboard;
			sourceTree = "<group>";
		};
		8CA1E3972037C1EC00DF487C /* LaunchScreen.storyboard */ = {
			isa = PBXVariantGroup;
			children = (
				8CA1E3982037C1EC00DF487C /* Base */,
			);
			name = LaunchScreen.storyboard;
			sourceTree = "<group>";
		};
/* End PBXVariantGroup section */

/* Begin XCBuildConfiguration section */
		8CA1E3B12037C1ED00DF487C /* Debug */ = {
			isa = XCBuildConfiguration;
			buildSettings = {
				ALWAYS_SEARCH_USER_PATHS = NO;
				CLANG_ANALYZER_NONNULL = YES;
				CLANG_ANALYZER_NUMBER_OBJECT_CONVERSION = YES_AGGRESSIVE;
				CLANG_CXX_LANGUAGE_STANDARD = "gnu++14";
				CLANG_CXX_LIBRARY = "libc++";
				CLANG_ENABLE_MODULES = YES;
				CLANG_ENABLE_OBJC_ARC = YES;
				CLANG_WARN_BLOCK_CAPTURE_AUTORELEASING = YES;
				CLANG_WARN_BOOL_CONVERSION = YES;
				CLANG_WARN_COMMA = YES;
				CLANG_WARN_CONSTANT_CONVERSION = YES;
				CLANG_WARN_DIRECT_OBJC_ISA_USAGE = YES_ERROR;
				CLANG_WARN_DOCUMENTATION_COMMENTS = YES;
				CLANG_WARN_EMPTY_BODY = YES;
				CLANG_WARN_ENUM_CONVERSION = YES;
				CLANG_WARN_INFINITE_RECURSION = YES;
				CLANG_WARN_INT_CONVERSION = YES;
				CLANG_WARN_NON_LITERAL_NULL_CONVERSION = YES;
				CLANG_WARN_OBJC_LITERAL_CONVERSION = YES;
				CLANG_WARN_OBJC_ROOT_CLASS = YES_ERROR;
				CLANG_WARN_RANGE_LOOP_ANALYSIS = YES;
				CLANG_WARN_STRICT_PROTOTYPES = YES;
				CLANG_WARN_SUSPICIOUS_MOVE = YES;
				CLANG_WARN_UNGUARDED_AVAILABILITY = YES_AGGRESSIVE;
				CLANG_WARN_UNREACHABLE_CODE = YES;
				CLANG_WARN__DUPLICATE_METHOD_MATCH = YES;
				CODE_SIGN_IDENTITY = "iPhone Developer";
				COPY_PHASE_STRIP = NO;
				DEBUG_INFORMATION_FORMAT = dwarf;
				ENABLE_STRICT_OBJC_MSGSEND = YES;
				ENABLE_TESTABILITY = YES;
				GCC_C_LANGUAGE_STANDARD = gnu11;
				GCC_DYNAMIC_NO_PIC = NO;
				GCC_NO_COMMON_BLOCKS = YES;
				GCC_OPTIMIZATION_LEVEL = 0;
				GCC_PREPROCESSOR_DEFINITIONS = (
					"DEBUG=1",
					"$(inherited)",
				);
				GCC_WARN_64_TO_32_BIT_CONVERSION = YES;
				GCC_WARN_ABOUT_RETURN_TYPE = YES_ERROR;
				GCC_WARN_UNDECLARED_SELECTOR = YES;
				GCC_WARN_UNINITIALIZED_AUTOS = YES_AGGRESSIVE;
				GCC_WARN_UNUSED_FUNCTION = YES;
				GCC_WARN_UNUSED_VARIABLE = YES;
				IPHONEOS_DEPLOYMENT_TARGET = 11.2;
				MTL_ENABLE_DEBUG_INFO = YES;
				ONLY_ACTIVE_ARCH = YES;
				SDKROOT = iphoneos;
				SWIFT_ACTIVE_COMPILATION_CONDITIONS = DEBUG;
				SWIFT_OPTIMIZATION_LEVEL = "-Onone";
			};
			name = Debug;
		};
		8CA1E3B22037C1ED00DF487C /* Release */ = {
			isa = XCBuildConfiguration;
			buildSettings = {
				ALWAYS_SEARCH_USER_PATHS = NO;
				CLANG_ANALYZER_NONNULL = YES;
				CLANG_ANALYZER_NUMBER_OBJECT_CONVERSION = YES_AGGRESSIVE;
				CLANG_CXX_LANGUAGE_STANDARD = "gnu++14";
				CLANG_CXX_LIBRARY = "libc++";
				CLANG_ENABLE_MODULES = YES;
				CLANG_ENABLE_OBJC_ARC = YES;
				CLANG_WARN_BLOCK_CAPTURE_AUTORELEASING = YES;
				CLANG_WARN_BOOL_CONVERSION = YES;
				CLANG_WARN_COMMA = YES;
				CLANG_WARN_CONSTANT_CONVERSION = YES;
				CLANG_WARN_DIRECT_OBJC_ISA_USAGE = YES_ERROR;
				CLANG_WARN_DOCUMENTATION_COMMENTS = YES;
				CLANG_WARN_EMPTY_BODY = YES;
				CLANG_WARN_ENUM_CONVERSION = YES;
				CLANG_WARN_INFINITE_RECURSION = YES;
				CLANG_WARN_INT_CONVERSION = YES;
				CLANG_WARN_NON_LITERAL_NULL_CONVERSION = YES;
				CLANG_WARN_OBJC_LITERAL_CONVERSION = YES;
				CLANG_WARN_OBJC_ROOT_CLASS = YES_ERROR;
				CLANG_WARN_RANGE_LOOP_ANALYSIS = YES;
				CLANG_WARN_STRICT_PROTOTYPES = YES;
				CLANG_WARN_SUSPICIOUS_MOVE = YES;
				CLANG_WARN_UNGUARDED_AVAILABILITY = YES_AGGRESSIVE;
				CLANG_WARN_UNREACHABLE_CODE = YES;
				CLANG_WARN__DUPLICATE_METHOD_MATCH = YES;
				CODE_SIGN_IDENTITY = "iPhone Developer";
				COPY_PHASE_STRIP = NO;
				DEBUG_INFORMATION_FORMAT = "dwarf-with-dsym";
				ENABLE_NS_ASSERTIONS = NO;
				ENABLE_STRICT_OBJC_MSGSEND = YES;
				GCC_C_LANGUAGE_STANDARD = gnu11;
				GCC_NO_COMMON_BLOCKS = YES;
				GCC_WARN_64_TO_32_BIT_CONVERSION = YES;
				GCC_WARN_ABOUT_RETURN_TYPE = YES_ERROR;
				GCC_WARN_UNDECLARED_SELECTOR = YES;
				GCC_WARN_UNINITIALIZED_AUTOS = YES_AGGRESSIVE;
				GCC_WARN_UNUSED_FUNCTION = YES;
				GCC_WARN_UNUSED_VARIABLE = YES;
				IPHONEOS_DEPLOYMENT_TARGET = 11.2;
				MTL_ENABLE_DEBUG_INFO = NO;
				SDKROOT = iphoneos;
				SWIFT_OPTIMIZATION_LEVEL = "-Owholemodule";
				VALIDATE_PRODUCT = YES;
			};
			name = Release;
		};
		8CA1E3B42037C1ED00DF487C /* Debug */ = {
			isa = XCBuildConfiguration;
			buildSettings = {
				ASSETCATALOG_COMPILER_APPICON_NAME = AppIcon;
				CODE_SIGN_STYLE = Automatic;
				DEVELOPMENT_TEAM = NM789M82Q4;
				INFOPLIST_FILE = layer/Info.plist;
				LD_RUNPATH_SEARCH_PATHS = "$(inherited) @executable_path/Frameworks";
				PRODUCT_BUNDLE_IDENTIFIER = res.layer;
				PRODUCT_NAME = "$(TARGET_NAME)";
				SWIFT_VERSION = 4.0;
				TARGETED_DEVICE_FAMILY = "1,2";
			};
			name = Debug;
		};
		8CA1E3B52037C1ED00DF487C /* Release */ = {
			isa = XCBuildConfiguration;
			buildSettings = {
				ASSETCATALOG_COMPILER_APPICON_NAME = AppIcon;
				CODE_SIGN_STYLE = Automatic;
				DEVELOPMENT_TEAM = NM789M82Q4;
				INFOPLIST_FILE = layer/Info.plist;
				LD_RUNPATH_SEARCH_PATHS = "$(inherited) @executable_path/Frameworks";
				PRODUCT_BUNDLE_IDENTIFIER = res.layer;
				PRODUCT_NAME = "$(TARGET_NAME)";
				SWIFT_VERSION = 4.0;
				TARGETED_DEVICE_FAMILY = "1,2";
			};
			name = Release;
		};
		8CA1E3B72037C1ED00DF487C /* Debug */ = {
			isa = XCBuildConfiguration;
			buildSettings = {
				ALWAYS_EMBED_SWIFT_STANDARD_LIBRARIES = YES;
				BUNDLE_LOADER = "$(TEST_HOST)";
				CODE_SIGN_STYLE = Automatic;
				INFOPLIST_FILE = layerTests/Info.plist;
				LD_RUNPATH_SEARCH_PATHS = "$(inherited) @executable_path/Frameworks @loader_path/Frameworks";
				PRODUCT_BUNDLE_IDENTIFIER = res.layerTests;
				PRODUCT_NAME = "$(TARGET_NAME)";
				SWIFT_VERSION = 4.0;
				TARGETED_DEVICE_FAMILY = "1,2";
				TEST_HOST = "$(BUILT_PRODUCTS_DIR)/layer.app/layer";
			};
			name = Debug;
		};
		8CA1E3B82037C1ED00DF487C /* Release */ = {
			isa = XCBuildConfiguration;
			buildSettings = {
				ALWAYS_EMBED_SWIFT_STANDARD_LIBRARIES = YES;
				BUNDLE_LOADER = "$(TEST_HOST)";
				CODE_SIGN_STYLE = Automatic;
				INFOPLIST_FILE = layerTests/Info.plist;
				LD_RUNPATH_SEARCH_PATHS = "$(inherited) @executable_path/Frameworks @loader_path/Frameworks";
				PRODUCT_BUNDLE_IDENTIFIER = res.layerTests;
				PRODUCT_NAME = "$(TARGET_NAME)";
				SWIFT_VERSION = 4.0;
				TARGETED_DEVICE_FAMILY = "1,2";
				TEST_HOST = "$(BUILT_PRODUCTS_DIR)/layer.app/layer";
			};
			name = Release;
		};
		8CA1E3BA2037C1ED00DF487C /* Debug */ = {
			isa = XCBuildConfiguration;
			buildSettings = {
				ALWAYS_EMBED_SWIFT_STANDARD_LIBRARIES = YES;
				CODE_SIGN_STYLE = Automatic;
				INFOPLIST_FILE = layerUITests/Info.plist;
				LD_RUNPATH_SEARCH_PATHS = "$(inherited) @executable_path/Frameworks @loader_path/Frameworks";
				PRODUCT_BUNDLE_IDENTIFIER = res.layerUITests;
				PRODUCT_NAME = "$(TARGET_NAME)";
				SWIFT_VERSION = 4.0;
				TARGETED_DEVICE_FAMILY = "1,2";
				TEST_TARGET_NAME = layer;
			};
			name = Debug;
		};
		8CA1E3BB2037C1ED00DF487C /* Release */ = {
			isa = XCBuildConfiguration;
			buildSettings = {
				ALWAYS_EMBED_SWIFT_STANDARD_LIBRARIES = YES;
				CODE_SIGN_STYLE = Automatic;
				INFOPLIST_FILE = layerUITests/Info.plist;
				LD_RUNPATH_SEARCH_PATHS = "$(inherited) @executable_path/Frameworks @loader_path/Frameworks";
				PRODUCT_BUNDLE_IDENTIFIER = res.layerUITests;
				PRODUCT_NAME = "$(TARGET_NAME)";
				SWIFT_VERSION = 4.0;
				TARGETED_DEVICE_FAMILY = "1,2";
				TEST_TARGET_NAME = layer;
			};
			name = Release;
		};
/* End XCBuildConfiguration section */

/* Begin XCConfigurationList section */
		8CA1E3862037C1EC00DF487C /* Build configuration list for PBXProject "layer" */ = {
			isa = XCConfigurationList;
			buildConfigurations = (
				8CA1E3B12037C1ED00DF487C /* Debug */,
				8CA1E3B22037C1ED00DF487C /* Release */,
			);
			defaultConfigurationIsVisible = 0;
			defaultConfigurationName = Release;
		};
		8CA1E3B32037C1ED00DF487C /* Build configuration list for PBXNativeTarget "layer" */ = {
			isa = XCConfigurationList;
			buildConfigurations = (
				8CA1E3B42037C1ED00DF487C /* Debug */,
				8CA1E3B52037C1ED00DF487C /* Release */,
			);
			defaultConfigurationIsVisible = 0;
			defaultConfigurationName = Release;
		};
		8CA1E3B62037C1ED00DF487C /* Build configuration list for PBXNativeTarget "layerTests" */ = {
			isa = XCConfigurationList;
			buildConfigurations = (
				8CA1E3B72037C1ED00DF487C /* Debug */,
				8CA1E3B82037C1ED00DF487C /* Release */,
			);
			defaultConfigurationIsVisible = 0;
			defaultConfigurationName = Release;
		};
		8CA1E3B92037C1ED00DF487C /* Build configuration list for PBXNativeTarget "layerUITests" */ = {
			isa = XCConfigurationList;
			buildConfigurations = (
				8CA1E3BA2037C1ED00DF487C /* Debug */,
				8CA1E3BB2037C1ED00DF487C /* Release */,
			);
			defaultConfigurationIsVisible = 0;
			defaultConfigurationName = Release;
		};
/* End XCConfigurationList section */
	};
	rootObject = 8CA1E3832037C1EC00DF487C /* Project object */;
}
